PODS:
  - XMSegmentedControl (0.2.0)

DEPENDENCIES:
  - XMSegmentedControl (from `../`)

EXTERNAL SOURCES:
  XMSegmentedControl:
    :path: "../"

SPEC CHECKSUMS:
  XMSegmentedControl: 336ef2a7b05bacb42e73cb3e1c7e83d7015e0322

PODFILE CHECKSUM: 23103cb9bfb0040da7a598f9ab2a2d76fdcb2354

COCOAPODS: 1.2.1
